version = 1
revision = 3
requires-python = "==3.13.*"

[[package]]
name = "asteval"
version = "1.0.10"
source = { registry = "https://pypi.org/simple" }
sdist = { url = "https://files.pythonhosted.org/packages/65/9a/e10e062c83de2219c5f9ef9d684dac39323c052de140e257afd0f60f8ca7/asteval-1.0.10.tar.gz", hash = "sha256:46a4ed13cc2e4a29a21418f89dedd57db70d98eb96db0fb4c441d4edb2f5afed", size = 59581, upload-time = "2026-08-21T21:07:06.6Z" }
wheels = [
    { url = "https://files.pythonhosted.org/packages/92/16/e78d6e60ecd1b3cf446fad45985ad6cda22f46ad2cffabb644d77b317bc4/asteval-1.0.10-py3-none-any.whl", hash = "sha256:8d805fa8084aa12204715f799430f0012a0db38b42e997f9f11a9637ad59855f", size = 23466, upload-time = "2026-08-21T21:07:05.678Z" },
]

[[package]]
name = "awkward"
version = "2.13.0"
source = { registry = "https://pypi.org/simple" }
dependencies = [
    { name = "awkward-cpp" },
    { name = "fsspec" },
    { name = "numpy" },
    { name = "packaging" },
]
sdist = { url = "https://files.pythonhosted.org/packages/43/97/2728ab879ed3edaecfbd8e9daa7d88a2f89a7ea584e413c4d8971fc0414d/awkward-2.13.0.tar.gz", hash = "sha256:36f127573295e1ddf65b551bf071b803ad4af21bd14519f4c4dd34953cb3efc2", size = 6479149, upload-time = "2026-08-14T16:52:43.873Z" }
wheels = [
    { url = "https://files.pythonhosted.org/packages/25/34/b8eece9a8d024defc08418ea883361b3d7e3300392719ee27535e93885a5/awkward-2.13.0-py3-none-any.whl", hash = "sha256:ff40879e7179a6f14f4c4ee5f5297e3dcd027b99b4c64188bdb7dccdf625e982", size = 990112, upload-time = "2026-08-14T16:52:42.018Z" },
]

[[package]]
name = "awkward-cpp"
version = "56"
source = { registry = "https://pypi.org/simple" }
dependencies = [
    { name = "numpy" },
]
sdist = { url = "https://files.pythonhosted.org/packages/43/92/6325292ccc2be3ede227fd0b4bd7b23bc7597790f31227171bec4009d2df/awkward_cpp-56.tar.gz", hash = "sha256:cd3635fab926c6630c0a85d92b59a15851c4f5a881ea749984069027634f8f52", size = 1501723, upload-time = "2026-08-14T15:30:10.748Z" }
wheels = [
    { url = "https://files.pythonhosted.org/packages/4c/16/b746ede30590735328697aaa31166b1360adcb2f2d74f341ac18dd7f1dd4/awkward_cpp-56-cp313-cp313-macosx_10_13_x86_64.whl", hash = "sha256:27565e64d6b324a58e88cc96bbf6107268a4418906b537acf20d872e3abbe62f", size = 628586, upload-time = "2026-08-14T15:29:22.861Z" },
    { url = "https://files.pythonhosted.org/packages/df/2f/59ebb6243debd85f195b47c8ed6939a35516f05aea988ac8370a1ca02f83/awkward_cpp-56-cp313-cp313-macosx_11_0_arm64.whl", hash = "sha256:0787126adfd22f1e6bcc461da5c7d2c5e9b48f95e768b64e5a6622ddedc6cb3c", size = 581307, upload-time = "2026-08-14T15:29:24.324Z" },
    { url = "https://files.pythonhosted.org/packages/e5/8f/d824319c6576839b00c14dae4857faaa8c2ac9f1c1e4b76dc003b18b8232/awkward_cpp-56-cp313-cp313-manylinux_2_26_aarch64.manylinux_2_28_aarch64.whl", hash = "sha256:5991ab389a365defe7f60a6314cf8658733ad4737f1ce528d39508c20d776ea9", size = 626456, upload-time = "2026-08-14T15:29:26.14Z" },
    { url = "https://files.pythonhosted.org/packages/65/cc/dc7f4e98b538da691a28f6c352a6a8ea6c842f04b64db5257086996bd1dd/awkward_cpp-56-cp313-cp313-manylinux_2_27_x86_64.manylinux_2_28_x86_64.whl", hash = "sha256:f68511c490e47d009e9ba1076f91870a9abee3bc82ac285a1965fa57aea6f104", size = 698747, upload-time = "2026-08-14T15:29:28.101Z" },
    { url = "https://files.pythonhosted.org/packages/2b/04/65153eade3f380535ddc0bd70a03c36c4e9eddd2eed1adc76999359a37d7/awkward_cpp-56-cp313-cp313-musllinux_1_2_aarch64.whl", hash = "sha256:26b0c3b6452352a9d1788a106d4153305330cc13d5e10756d5e50712dd526d53", size = 1626987, upload-time = "2026-08-14T15:29:30.258Z" },
    { url = "https://files.pythonhosted.org/packages/3e/57/282e4981754bf1a4996b13fc11174eb6bcacd5653d0f338d410ec59a9c4b/awkward_cpp-56-cp313-cp313-musllinux_1_2_x86_64.whl", hash = "sha256:00023f08d2ed82e2b8e0ba2e4637fa62b8164163f692db44e7ebd27d207f1955", size = 1745804, upload-time = "2026-08-14T15:29:31.817Z" },
    { url = "https://files.pythonhosted.org/packages/ce/42/6b5243f804d4214a3885998e82a34d421e6e69a830651d195cf49ccca759/awkward_cpp-56-cp313-cp313-pyemscripten_2025_0_wasm32.whl", hash = "sha256:1417c538d468374e86ad7f5e0b49f458e001c9e843afac3ae866fa7832433b75", size = 234427, upload-time = "2026-08-14T15:29:33.315Z" },
    { url = "https://files.pythonhosted.org/packages/17/39/0687aa9e9e3b0cd644b7b0300d7359021ed48cc5f401abb9b2e9a7686d4c/awkward_cpp-56-cp313-cp313-win32.whl", hash = "sha256:ae629ce3c603bcb846ec72f4f1eeb1e68716d58563d1e12ea8e2296e0bd2cfec", size = 710455, upload-time = "2026-08-14T15:29:34.828Z" },
    { url = "https://files.pythonhosted.org/packages/57/cb/f2a3f0c66769d33a2b80daf9e003319890824cc242cb044f5a5bc54616f5/awkward_cpp-56-cp313-cp313-win_amd64.whl", hash = "sha256:4e42a9b7413e525a0baa0d14a64c3d738302a25cfc2d8a523227df9c54e514f2", size = 742046, upload-time = "2026-08-14T15:29:36.55Z" },
    { url = "https://files.pythonhosted.org/packages/54/86/6b97bddfe07bea40bbc65d2c0ba57c6f15387760aa560257507901f3a82a/awkward_cpp-56-cp313-cp313-win_arm64.whl", hash = "sha256:a7ac31424a19f0c34af33190561e1bda967bcf1b052ec1045085f5e8b366d48f", size = 880388, upload-time = "2026-08-14T15:29:38.258Z" },
]

[[package]]
name = "cramjam"
version = "2.12.0"
source = { registry = "https://pypi.org/simple" }
sdist = { url = "https://files.pythonhosted.org/packages/ba/37/db883257ca2c7655ddccc4fba6cbd7c8ee8b6457e0e1a15d4d6798176984/cramjam-2.12.0.tar.gz", hash = "sha256:0471df877499536dfdd03036944ab36053e7636586576037557e86725d050416", size = 89945, upload-time = "2026-08-22T07:22:24.447Z" }
wheels = [
    { url = "https://files.pythonhosted.org/packages/6f/8f/c5c54198b396ccceb8a613028d82d9bf207bcbb2401be576e2adc1eb3b4c/cramjam-2.12.0-cp313-cp313-macosx_10_12_x86_64.macosx_11_0_arm64.macosx_10_12_universal2.whl", hash = "sha256:6d0b0e09ec983132fc9b2227fedce17d3d21cc2b3d00a7af6296325599572ee9", size = 3660531, upload-time = "2026-08-22T07:19:53.555Z" },
    { url = "https://files.pythonhosted.org/packages/29/91/26da400c1ef179b7bc645ab63df3341e74f178cef8bb4fcb7bc3971b5352/cramjam-2.12.0-cp313-cp313-macosx_10_12_x86_64.whl", hash = "sha256:cb94fa6ed53b9241ddc31dff2a675f6ba8780f02c8a7869fa3e65b2946b7a35f", size = 1924736, upload-time = "2026-08-22T07:19:55.359Z" },
    { url = "https://files.pythonhosted.org/packages/44/20/793fa4d960b887f963ffd66e091d4533b538ae610c32cc13d2312599f1c8/cramjam-2.12.0-cp313-cp313-macosx_11_0_arm64.whl", hash = "sha256:db57d995cbb8bcdf7cab54369b5c0301f8687530292152ca34767b1550d1354b", size = 1753234, upload-time = "2026-08-22T07:19:57.053Z" },
    { url = "https://files.pythonhosted.org/packages/6a/13/320817609086a1612e1bb5e279773d7f127f09aacd3927496cbccf5b7c6b/cramjam-2.12.0-cp313-cp313-manylinux_2_12_i686.manylinux2010_i686.whl", hash = "sha256:311dba1648f62d8b3ad1d233f5224a5662454ac535c1f6f58f2c73a882c7d0ba", size = 2064619, upload-time = "2026-08-22T07:19:58.878Z" },
    { url = "https://files.pythonhosted.org/packages/16/a2/f37eac6ca95d82fc694bb1ed58428f7473ebc8f74662c9a7cbf2680db5e9/cramjam-2.12.0-cp313-cp313-manylinux_2_17_aarch64.manylinux2014_aarch64.whl", hash = "sha256:96ac786cbbfb93353ae880ad0b1b816ceb4dab2ec9f47b3a4e9296e86413bced", size = 1866085, upload-time = "2026-08-22T07:20:00.54Z" },
    { url = "https://files.pythonhosted.org/packages/7f/35/05cf8fbe6f21f516deda9ca6ab1130ab07b172c2885876b42d3fbb98da6e/cramjam-2.12.0-cp313-cp313-manylinux_2_17_armv7l.manylinux2014_armv7l.whl", hash = "sha256:2f9b88487f194a03cf1dc4d915207ef174bb18fd869022724a818780273b3bd6", size = 1908345, upload-time = "2026-08-22T07:20:03.265Z" },
    { url = "https://files.pythonhosted.org/packages/c3/6a/2a16eefdcdc14ae1cea467878e0fdd7e545fbb2bf7fca80470dd1a50c3aa/cramjam-2.12.0-cp313-cp313-manylinux_2_17_ppc64le.manylinux2014_ppc64le.whl", hash = "sha256:6e02a7fed2a27649596c74f0b55093bdcec0620c96b3351e6db0ae7af2301f59", size = 2094139, upload-time = "2026-08-22T07:20:04.831Z" },
    { url = "https://files.pythonhosted.org/packages/51/63/1501b2d49a511ef411ba727a19e4531358033063428c851739b1422aa116/cramjam-2.12.0-cp313-cp313-manylinux_2_17_s390x.manylinux2014_s390x.whl", hash = "sha256:b93dd58626eb479081a8093ee73fd58cf4a6d62dc357d245319c64765ce07600", size = 2074022, upload-time = "2026-08-22T07:20:06.485Z" },
    { url = "https://files.pythonhosted.org/packages/fe/57/098a7d203ab5c5646337cc55817620c7a9334df12b10e540a22a48cf3ca3/cramjam-2.12.0-cp313-cp313-manylinux_2_17_x86_64.manylinux2014_x86_64.whl", hash = "sha256:7efd4d780788e5110d383b6f113db116ca0168182cefa2b7c248e703e844adde", size = 2038030, upload-time = "2026-08-22T07:20:07.998Z" },
    { url = "https://files.pythonhosted.org/packages/aa/fb/37dfeae2179cd326774419a7fa4613f909201b06284e623823ba11551dc8/cramjam-2.12.0-cp313-cp313-musllinux_1_1_aarch64.whl", hash = "sha256:3a102b3e30dede9e8317165dc3b6113e142674c9b7f96f4c77a788bfc655ebf3", size = 2137158, upload-time = "2026-08-22T07:20:09.531Z" },
    { url = "https://files.pythonhosted.org/packages/bf/9b/a599d03b74150512d40a2343237a097b8b165e5dab6ae1e1b8ae3c53a74d/cramjam-2.12.0-cp313-cp313-musllinux_1_1_armv7l.whl", hash = "sha256:0c7f95654856827c567f9a65a021b8745bd516db2207f34712a2a70ecce814ff", size = 2215735, upload-time = "2026-08-22T07:20:11.201Z" },
    { url = "https://files.pythonhosted.org/packages/6b/94/eeb1e3110473004508aacc88523583203664c83d1f89d23b60d11b385046/cramjam-2.12.0-cp313-cp313-musllinux_1_1_i686.whl", hash = "sha256:d7d1600cfcf7d51c274f46fa7e755cf0180c547a4298a6dfe16333e37568a7c4", size = 2250841, upload-time = "2026-08-22T07:20:12.859Z" },
    { url = "https://files.pythonhosted.org/packages/8f/67/25f2484d293bd1402caf5549db3978a93af46a540cf7220ef795861da22f/cramjam-2.12.0-cp313-cp313-musllinux_1_1_x86_64.whl", hash = "sha256:9aeb745e0c5bf8184d380c46185912888a2ddce6c5b1e3590996ac3b52673cef", size = 2268655, upload-time = "2026-08-22T07:20:14.441Z" },
    { url = "https://files.pythonhosted.org/packages/f5/a5/d20e3da19f0b775adee02012fc503703d4e840e3deda66ac1b9e18707299/cramjam-2.12.0-cp313-cp313-win32.whl", hash = "sha256:605da1c838ec315dd26d1552fb3785b30c16181eb616831a9dca668b0af72487", size = 1647567, upload-time = "2026-08-22T07:20:15.923Z" },
    { url = "https://files.pythonhosted.org/packages/e4/2d/23332862a24b95a63e48c36b079812b249dedccb01a0a47468a9a8b8bec6/cramjam-2.12.0-cp313-cp313-win_amd64.whl", hash = "sha256:aacdf525c37faa1e58c74a9b5b3487469e2729f1ac5d82e9ec2d68f458a2a906", size = 1778766, upload-time = "2026-08-22T07:20:17.467Z" },
    { url = "https://files.pythonhosted.org/packages/bc/58/2726f7e7c45120c5c57dfcd7ca24d8a8e07fea57d1bb2a54d6eb95fb7a36/cramjam-2.12.0-cp313-cp313-win_arm64.whl", hash = "sha256:5006503968ebcfbae698c2c6db1f6838c77fc79d37c562c9c462b8e266d2f13d", size = 1677114, upload-time = "2026-08-22T07:20:19.651Z" },
]

[[package]]
name = "dill"
version = "0.4.1"
source = { registry = "https://pypi.org/simple" }
sdist = { url = "https://files.pythonhosted.org/packages/81/e1/56027a71e31b02ddc53c7d65b01e68edf64dea2932122fe7746a516f75d5/dill-0.4.1.tar.gz", hash = "sha256:423092df4182177d4d8ba8290c8a5b640c66ab35ec7da59ccfa00f6fa3eea5fa", size = 187315, upload-time = "2026-01-19T02:36:56.85Z" }
wheels = [
    { url = "https://files.pythonhosted.org/packages/1e/77/dc8c558f7593132cf8fefec57c4f60c83b16941c574ac5f619abb3ae7933/dill-0.4.1-py3-none-any.whl", hash = "sha256:1e1ce33e978ae97fcfcff5638477032b801c46c7c65cf717f95fbc2248f79a9d", size = 120019, upload-time = "2026-01-19T02:36:55.663Z" },
]

[[package]]
name = "fsspec"
version = "2026.7.0"
source = { registry = "https://pypi.org/simple" }
sdist = { url = "https://files.pythonhosted.org/packages/00/78/f34251dadb8f3921264a1d9b8946f5e542014ee2614b285261b4e40e6775/fsspec-2026.7.0.tar.gz", hash = "sha256:c803c40f4cf860b49dea58ee3e1c33cb9c790520e233537e1340049f89b82a88", size = 317040, upload-time = "2026-07-28T16:34:51.052Z" }
wheels = [
    { url = "https://files.pythonhosted.org/packages/fd/3c/6a2bf344106328fd04963664a60b9bb6496fc25df8e962fcdc1367285fb9/fsspec-2026.7.0-py3-none-any.whl", hash = "sha256:b57ddbafedfaef7018c1ecab32aa200a9d7ca26b77965f64e48b70061249d279", size = 206583, upload-time = "2026-07-28T16:34:49.538Z" },
]

[[package]]
name = "lmfit"
version = "1.3.4"
source = { registry = "https://pypi.org/simple" }
dependencies = [
    { name = "asteval" },
    { name = "dill" },
    { name = "numpy" },
    { name = "scipy" },
    { name = "uncertainties" },
]
sdist = { url = "https://files.pythonhosted.org/packages/5a/e5/a35942aed2de95e228728c34609b51fe3ec9182398eac50d288eef313aa2/lmfit-1.3.4.tar.gz", hash = "sha256:3c22c28c43f717f6c5b4a3bd81e893a2149739c26a592c046f2e33c23cfbe497", size = 630720, upload-time = "2025-07-19T20:09:01.876Z" }
wheels = [
    { url = "https://files.pythonhosted.org/packages/38/7e/7b91c89a4cf0f543a83be978657afb20c86af6d725253e319589dcc4ce52/lmfit-1.3.4-py3-none-any.whl", hash = "sha256:afce1593b42324d37ae2908249b0c55445e2f4c1a0474ff706a8e2f7b5d949fa", size = 97662, upload-time = "2025-07-19T20:09:00.32Z" },
]

[[package]]
name = "numpy"
version = "2.5.2"
source = { registry = "https://pypi.org/simple" }
sdist = { url = "https://files.pythonhosted.org/packages/9a/80/db0b4559e57ec36362bedbb05530a87fafbcb6067708c946967a41d449e7/numpy-2.5.2.tar.gz", hash = "sha256:d482d171c406ae88c5b19cad3b6a1c4c5209f886ab74bc44c2c865c23f52d860", size = 20773161, upload-time = "2026-08-09T13:48:27.962Z" }
wheels = [
    { url = "https://files.pythonhosted.org/packages/f5/d2/6b24738a0ef4557d189b150046cd07823c50e4273e8aebd651222e24306f/numpy-2.5.2-cp313-cp313-macosx_10_13_x86_64.whl", hash = "sha256:8e4cb9a754c8a0c62eaa88273a5fba3391f4a610d1dee893c0755da31c083f15", size = 16886595, upload-time = "2026-08-09T13:45:27.323Z" },
    { url = "https://files.pythonhosted.org/packages/65/60/f2d208d366f263f39c6e69ed309290717aab41078b6d04c9be2a84fa2a07/numpy-2.5.2-cp313-cp313-macosx_11_0_arm64.whl", hash = "sha256:52c808f96484f5571a5cc863775ce50247c17dfb3b0361f8ed6b4b0456f80080", size = 11896845, upload-time = "2026-08-09T13:45:31.638Z" },
    { url = "https://files.pythonhosted.org/packages/3c/79/81e0bf24f4d020a2b1d5cd297a9f60c3f24eeb116f9bba5870443f7b6a4a/numpy-2.5.2-cp313-cp313-macosx_14_0_arm64.whl", hash = "sha256:29d81e97f668489cba8ebfd796b9bdd453525d35dd9e162e2daec94bf3fc7740", size = 5343880, upload-time = "2026-08-09T13:45:34.373Z" },
    { url = "https://files.pythonhosted.org/packages/ba/cc/e3141cf06d1a8a2c7e107543fe1269c1d1af760d4d683c0794a4ee1127c2/numpy-2.5.2-cp313-cp313-macosx_14_0_x86_64.whl", hash = "sha256:afb3f0632d6b2e3ba04dbce8d1e48d321b369138b73830b5ca371a0e8d479d56", size = 6682264, upload-time = "2026-08-09T13:45:36.7Z" },
    { url = "https://files.pythonhosted.org/packages/29/f1/2a64a307d92c5d98f5255a4014eb43bb6103ee477087b61ecae44a3aa9b9/numpy-2.5.2-cp313-cp313-manylinux_2_27_aarch64.manylinux_2_28_aarch64.whl", hash = "sha256:0aadf13b60048d501e05fa699efaf7734e2494f3498a4c2a5521d822640324f3", size = 15609566, upload-time = "2026-08-09T13:45:39.518Z" },
    { url = "https://files.pythonhosted.org/packages/7b/44/59a1eb68e773c4098d107ef34a0dbdeca501d72ffcfbff9a7707343921ce/numpy-2.5.2-cp313-cp313-manylinux_2_27_x86_64.manylinux_2_28_x86_64.whl", hash = "sha256:29b86ff8a6cc556b47ec6b64b194815cc80e6bf5eedcc6cddfd65318cb0b4eee", size = 16709995, upload-time = "2026-08-09T13:45:43.661Z" },
    { url = "https://files.pythonhosted.org/packages/8a/4c/3e54d4ddbc359a1295f8b633e8106bcd4d7d4a206e82df051bdfb3058755/numpy-2.5.2-cp313-cp313-musllinux_1_2_aarch64.whl", hash = "sha256:6950c4b7dd562453090548ba7f5da7e59f57f85663f15d5dcc60e249192f7e59", size = 16972511, upload-time = "2026-08-09T13:45:47.094Z" },
    { url = "https://files.pythonhosted.org/packages/f2/9f/02e371638ebf19b66d46231e4be52999e87f32d1961b113bc45656608b22/numpy-2.5.2-cp313-cp313-musllinux_1_2_x86_64.whl", hash = "sha256:b9727f472d2f3888053b8a75ab0cb94745a9de224bb5846dbadc0092101bc71d", size = 18465609, upload-time = "2026-08-09T13:45:50.808Z" },
    { url = "https://files.pythonhosted.org/packages/eb/ae/ad6645abc7a3510fe48e8ea1ab4598166f500057ef4ebf38bfad4f1577de/numpy-2.5.2-cp313-cp313-win32.whl", hash = "sha256:4f9744f9fbdcea0bc552e8f19e1f141f811a3f9bc2be2cc6e86d982cab23e3f4", size = 6070204, upload-time = "2026-08-09T13:45:54.111Z" },
    { url = "https://files.pythonhosted.org/packages/15/20/f3489f86d81ea460b2bcdceaed094142ca6579f6be0ec527b781d39afe68/numpy-2.5.2-cp313-cp313-win_amd64.whl", hash = "sha256:85aaccb24182c25df891ad0ec333585967e115269d5f1b17f2c9ae005bc96657", size = 12460532, upload-time = "2026-08-09T13:45:57.167Z" },
    { url = "https://files.pythonhosted.org/packages/d5/21/35b31dde1b283b79de828b80f876afd8c94e28fe1e9c375f89e261cc4c0d/numpy-2.5.2-cp313-cp313-win_arm64.whl", hash = "sha256:bd68ece1553d2023c09a4226d9e41c586ad2d20594d1a456186c33513d2cb3f2", size = 10396725, upload-time = "2026-08-09T13:46:00.478Z" },
]

[[package]]
name = "packaging"
version = "26.3"
source = { registry = "https://pypi.org/simple" }
sdist = { url = "https://files.pythonhosted.org/packages/7d/fa/3944b40b07da9ce895c0e6303a5ab7d53da063554f534556b134a54d6093/packaging-26.3.tar.gz", hash = "sha256:94edc256424af38762eb31306eed28beb9f0efc50a8837492c9d6fd6004aed79", size = 313412, upload-time = "2026-08-04T18:15:28.737Z" }
wheels = [
    { url = "https://files.pythonhosted.org/packages/63/34/ba1c580383c9eada3711951fef0795c80b829a078d72188184bcab9dd527/packaging-26.3-py3-none-any.whl", hash = "sha256:d7193f7c8e4e93f444fde0262bf90af30e16fa0ad0ad44cb553c87339b23cd1c", size = 129956, upload-time = "2026-08-04T18:15:27.159Z" },
]

[[package]]
name = "scipy"
version = "1.18.1"
source = { registry = "https://pypi.org/simple" }
dependencies = [
    { name = "numpy" },
]
sdist = { url = "https://files.pythonhosted.org/packages/7e/74/66de6258867beb2ef08f35f9f2ac017a52cacd5081714d239ff1a442d458/scipy-1.18.1.tar.gz", hash = "sha256:52c4b7422442aba924d03ad4019852b08a92e64ea187b933135687bfe2747307", size = 30781235, upload-time = "2026-08-21T23:28:50.599Z" }
wheels = [
    { url = "https://files.pythonhosted.org/packages/b6/55/4540ee0f9c42a9ad7109d0d1a8cc70de54c3572b01c6693a2b1c70e90ceb/scipy-1.18.1-cp313-cp313-macosx_10_15_x86_64.whl", hash = "sha256:3ab3523da44749156e1f68b464dc56af11ae4cbc5c739a49d05f32b982eca9f3", size = 31089958, upload-time = "2026-08-21T23:24:35.8Z" },
    { url = "https://files.pythonhosted.org/packages/2a/f5/769f36d14922b8071a43e95d24d18b6bdafad10d7f5cf647867e1ac052bc/scipy-1.18.1-cp313-cp313-macosx_12_0_arm64.whl", hash = "sha256:e6fb6a55cc0ba97b59a1f288fb86dc6fce8bdfc0fffcbfd015e3a954bf2a2d93", size = 28715106, upload-time = "2026-08-21T23:24:40.775Z" },
    { url = "https://files.pythonhosted.org/packages/9a/d7/21d890274f75ea37a8209d5519e72da3da90302e3b9fb8397a0918386a62/scipy-1.18.1-cp313-cp313-macosx_14_0_arm64.whl", hash = "sha256:ea324d9dd34c38bfb9bec8ca4d1b407db97dbb74029f566b8e322b1b6fe56fe6", size = 20456846, upload-time = "2026-08-21T23:24:45.066Z" },
    { url = "https://files.pythonhosted.org/packages/ec/01/798430ecea2e78ec7c02663d5f71c007bb6abeca931080debd40d7fa55ea/scipy-1.18.1-cp313-cp313-macosx_14_0_x86_64.whl", hash = "sha256:75b00eb8fb802090aa903f4ea1c7f5a584779f967361e68b7e98e531cc2d7174", size = 23087986, upload-time = "2026-08-21T23:24:49.539Z" },
    { url = "https://files.pythonhosted.org/packages/e6/5f/4634e9d35c68496e4e34cb6946eafab044458e6cedab42b40b6588e475b6/scipy-1.18.1-cp313-cp313-manylinux_2_27_aarch64.manylinux_2_28_aarch64.whl", hash = "sha256:d416b16cccfd70fbf62400e84d0bb2f4e6af519a45557f1692c749b37f14b315", size = 33998146, upload-time = "2026-08-21T23:24:54.714Z" },
    { url = "https://files.pythonhosted.org/packages/41/48/6450ed9243315322bbc19ac57b9b70d66a20bf1d38d124c96bc4bf6af9ea/scipy-1.18.1-cp313-cp313-manylinux_2_27_x86_64.manylinux_2_28_x86_64.whl", hash = "sha256:fdaf5ea890a6183d0565f51a61799d67081bd5b1cf03c5f4b3fd3732108625c9", size = 35312578, upload-time = "2026-08-21T23:25:00.44Z" },
    { url = "https://files.pythonhosted.org/packages/00/bd/bf5a4be6a3525676499f6dff307991739ff6fdcad1481b1aeb6745339f58/scipy-1.18.1-cp313-cp313-musllinux_1_2_aarch64.whl", hash = "sha256:c825cef2f49e46753726a7181a8e199804a912b29519ada542c6ebc654951899", size = 35612621, upload-time = "2026-08-21T23:25:06.144Z" },
    { url = "https://files.pythonhosted.org/packages/bd/4e/3c45c33e00a77996c4b1cb707929f833ba7b1d522ee29f882512c330676d/scipy-1.18.1-cp313-cp313-musllinux_1_2_x86_64.whl", hash = "sha256:e3b417bf8c2c7c16e8f58ad91db17783ec911ac16e7b50eb6eab6e809b4f5b07", size = 37457323, upload-time = "2026-08-21T23:25:12.483Z" },
    { url = "https://files.pythonhosted.org/packages/93/0e/e0348fbc0dbab65c114cf78957e7dfeb49f8e8b556b4d930cc12ff195e18/scipy-1.18.1-cp313-cp313-win_amd64.whl", hash = "sha256:559ed65f60c1af5a03f3912605a1b5114f522c7c32fb23c3376ae8f03219fe28", size = 36622841, upload-time = "2026-08-21T23:25:18.722Z" },
    { url = "https://files.pythonhosted.org/packages/50/a8/6a77f5f267c555108f0a864b6db714363dab567a8266422a79a385f9232b/scipy-1.18.1-cp313-cp313-win_arm64.whl", hash = "sha256:cd479fc04dd9401e3b4f49e76518768ef99c4f517a98c284eb091fd725719adf", size = 24399315, upload-time = "2026-08-21T23:25:23.458Z" },
]

[[package]]
name = "spectrix-python"
version = "1.4.0"
source = { virtual = "." }
dependencies = [
    { name = "lmfit" },
    { name = "numpy" },
    { name = "uproot" },
]

[package.metadata]
requires-dist = [
    { name = "lmfit" },
    { name = "numpy" },
    { name = "uproot" },
]

[[package]]
name = "uncertainties"
version = "3.2.3"
source = { registry = "https://pypi.org/simple" }
sdist = { url = "https://files.pythonhosted.org/packages/fe/0c/cb09f33b26955399c675ab378e4063ed7e48422d3d49f96219ab0be5eba9/uncertainties-3.2.3.tar.gz", hash = "sha256:76a5653e686f617a42922d546a239e9efce72e6b35411b7750a1d12dcba03031", size = 160492, upload-time = "2025-04-21T19:58:28.63Z" }
wheels = [
    { url = "https://files.pythonhosted.org/packages/8f/5e/f1e1dd319e35e962a4e00b33150a8868b6329cc1d19fd533436ba5488f09/uncertainties-3.2.3-py3-none-any.whl", hash = "sha256:313353900d8f88b283c9bad81e7d2b2d3d4bcc330cbace35403faaed7e78890a", size = 60118, upload-time = "2025-04-21T19:58:26.864Z" },
]

[[package]]
name = "uproot"
version = "5.7.6"
source = { registry = "https://pypi.org/simple" }
dependencies = [
    { name = "awkward" },
    { name = "cramjam" },
    { name = "fsspec" },
    { name = "numpy" },
    { name = "packaging" },
    { name = "xxhash" },
]
sdist = { url = "https://files.pythonhosted.org/packages/6a/01/927f0cd22008728785ea070ce20d224ec6ecdc3382afebd11b4ee6414956/uproot-5.7.6.tar.gz", hash = "sha256:a990a6a5f6fa4669daa0af9a7ca9503e574f82e96bf4c72d42de5daa5926fc74", size = 1045970, upload-time = "2026-08-20T00:05:35.531Z" }
wheels = [
    { url = "https://files.pythonhosted.org/packages/92/0c/1b2aaa136ae0c506d9f93472b3d33840850fc83f2a03fe2b0c5f3e0c48ea/uproot-5.7.6-py3-none-any.whl", hash = "sha256:60e0c615c55f6e4e2c573876bc851f0784be05ba49dd20d028b09ebc33bb7674", size = 405799, upload-time = "2026-08-20T00:05:33.609Z" },
]

[[package]]
name = "xxhash"
version = "4.0.1"
source = { registry = "https://pypi.org/simple" }
sdist = { url = "https://files.pythonhosted.org/packages/f6/a5/1386f35da1475fcaeef42581deae73417c6d2a6a0b2d2e8914de18844dcd/xxhash-4.0.1.tar.gz", hash = "sha256:d55bf4ef10eb09b8b6866790e083d26d087d84caa3cc0946ba87c3ca7ecaf7b7", size = 101513, upload-time = "2026-08-17T08:24:08.557Z" }
wheels = [
    { url = "https://files.pythonhosted.org/packages/f3/dd/c707286b527722f776e1fb81dd202c45623355ba1a2972337a2a26075b2b/xxhash-4.0.1-cp313-cp313-android_24_arm64_v8a.whl", hash = "sha256:8c9fe122444e129881afd1d4d1c7ac0d3ce2d91b68c2b40173b6025ff1c31f9a", size = 43639, upload-time = "2026-08-17T08:20:54.945Z" },
    { url = "https://files.pythonhosted.org/packages/1b/3b/bb71639a0f95635f61936a6f2653599c4261b645ddddd8d00f9dfe3613e2/xxhash-4.0.1-cp313-cp313-android_24_x86_64.whl", hash = "sha256:1f3346c5c287ac3c7f38b20380f55e8768230e7252af59fabcf3b87ab21e4256", size = 40657, upload-time = "2026-08-17T08:22:12.616Z" },
    { url = "https://files.pythonhosted.org/packages/3c/91/76f3f5385faa9886a36f21fcc603f40b4c0c40ce622382f133160c48b4d9/xxhash-4.0.1-cp313-cp313-ios_13_0_arm64_iphoneos.whl", hash = "sha256:4e5141543c7f7fe3087500bbb4ac2845cb528a980aa91f8f1e661e2292ff4a5d", size = 34708, upload-time = "2026-08-17T08:35:24.614Z" },
    { url = "https://files.pythonhosted.org/packages/9a/4a/f48f0e3e1b1ab072979fff2a5be899234e28090883e8b519d0b10215d708/xxhash-4.0.1-cp313-cp313-ios_13_0_arm64_iphonesimulator.whl", hash = "sha256:f09ee747e2a5f876cc5ad56947734811828335e13b403dd8ea1e06d77a9dd48d", size = 35650, upload-time = "2026-08-17T08:21:09.337Z" },
    { url = "https://files.pythonhosted.org/packages/c4/53/b73d7472b196101ad1f57ed0674af3af803ac3e9ec2feadd650a7b262562/xxhash-4.0.1-cp313-cp313-ios_13_0_x86_64_iphonesimulator.whl", hash = "sha256:acf52474b2494ef66dc7e0fb6d5e2b50c18313039ad4d275fbf9f9907c804bc5", size = 37958, upload-time = "2026-08-17T08:22:10.616Z" },
    { url = "https://files.pythonhosted.org/packages/d0/f2/024946ad8fa532074af4e4380179da54b7ec9facc8bd0b279ec0fac4e63a/xxhash-4.0.1-cp313-cp313-macosx_10_13_x86_64.whl", hash = "sha256:1b3cccf75eeb5b01639b2feadb042a8e07889293b7ca72fa2985e7dcb64763cf", size = 38032, upload-time = "2026-08-17T08:22:09.535Z" },
    { url = "https://files.pythonhosted.org/packages/da/e0/934af8d99bb5885711006bec30a691f728edd513d2c40f053f887d8e7577/xxhash-4.0.1-cp313-cp313-macosx_11_0_arm64.whl", hash = "sha256:cd878d32f5c6cbce9783f8d6897561fb772211edba9dde49d85672b88ed45276", size = 35895, upload-time = "2026-08-17T08:35:16.53Z" },
    { url = "https://files.pythonhosted.org/packages/20/5f/a8011f6a1558f7ca66d9077bb4f192b1871afcea62fbd5733605d2015755/xxhash-4.0.1-cp313-cp313-manylinux1_i686.manylinux_2_28_i686.manylinux_2_5_i686.whl", hash = "sha256:41e579025a6e13a99e6d71e39c9cfc621a0dcdbbf19106325e145fa858f2d794", size = 259464, upload-time = "2026-08-17T08:21:06.72Z" },
    { url = "https://files.pythonhosted.org/packages/ff/89/9665a44397547e7a3d58c0942425a976d58dcfd4b538f33220a312bf6912/xxhash-4.0.1-cp313-cp313-manylinux2014_aarch64.manylinux_2_17_aarch64.manylinux_2_28_aarch64.whl", hash = "sha256:74379a577a9f3b6afbdedf1b90e5c7764467051977f18a326d7d607336d743bd", size = 283949, upload-time = "2026-08-17T08:22:17.003Z" },
    { url = "https://files.pythonhosted.org/packages/34/2d/78774141266457468f29f3f5803092df4db87d8148ba74e4debd041649db/xxhash-4.0.1-cp313-cp313-manylinux2014_armv7l.manylinux_2_17_armv7l.manylinux_2_31_armv7l.whl", hash = "sha256:acb31ecdd1a97fab5cd39a84ee9f515e727d319f796fec48703b8339b9998360", size = 303898, upload-time = "2026-08-17T08:35:27.951Z" },
    { url = "https://files.pythonhosted.org/packages/59/48/d78d22de576b42528bff87c14207de50de4f0b888221a50ff7c9d675d670/xxhash-4.0.1-cp313-cp313-manylinux2014_ppc64le.manylinux_2_17_ppc64le.manylinux_2_28_ppc64le.whl", hash = "sha256:5b7875ac1a2edcb691f27642b8b94b904baa6bcecb7d79c72df2228ba8cb5c51", size = 287241, upload-time = "2026-08-17T08:21:13.042Z" },
    { url = "https://files.pythonhosted.org/packages/4c/de/7a1755a59c59fd46176f293bbdd99e399a6537ba9537fc723aa4d1bf6e27/xxhash-4.0.1-cp313-cp313-manylinux2014_s390x.manylinux_2_17_s390x.manylinux_2_28_s390x.whl", hash = "sha256:4751f1d7eecae6b2d2a773630f1a7248f125c9a92a456694d03c15bceffc9d68", size = 519856, upload-time = "2026-08-17T08:22:15.35Z" },
    { url = "https://files.pythonhosted.org/packages/6f/fb/76580c08e916507859b0f335393cb5fdc59452c4402edbc6bcca6e47e7df/xxhash-4.0.1-cp313-cp313-manylinux2014_x86_64.manylinux_2_17_x86_64.manylinux_2_28_x86_64.whl", hash = "sha256:9a51b061d54cda8b83e62c44458bfbf0dabbef9b975dd9649952ba5076b9f349", size = 268572, upload-time = "2026-08-17T08:22:14.533Z" },
    { url = "https://files.pythonhosted.org/packages/d0/2b/1abde3e07b8f2077a38b4fbfaf764115008bfe0ff03bc7756a52c9fd0607/xxhash-4.0.1-cp313-cp313-manylinux_2_31_riscv64.manylinux_2_39_riscv64.whl", hash = "sha256:74a164e8b63f1e9cf35c9a7809d082b033d1a00e7375d5d814415436e7867e57", size = 344967, upload-time = "2026-08-17T08:35:23.569Z" },
    { url = "https://files.pythonhosted.org/packages/5c/15/80b6ddf0732eef48a8b5fe717398274794392bd6dbe82af38d189d214772/xxhash-4.0.1-cp313-cp313-musllinux_1_2_aarch64.whl", hash = "sha256:4f5e5c6df4b703afcbe9352d238a51efd97c3b91fdc3a2052e40fdacb1e7505f", size = 279956, upload-time = "2026-08-17T08:21:24.97Z" },
    { url = "https://files.pythonhosted.org/packages/77/e0/11cbc43c205bf81fad50d69c7319cd1b1ccc01a66cd4fb8766357126c43d/xxhash-4.0.1-cp313-cp313-musllinux_1_2_armv7l.whl", hash = "sha256:d54b8ae068af532c8cdf56abb9e09a60fbe7b10792444c9c27987bb6d3b450fa", size = 307583, upload-time = "2026-08-17T08:22:22.541Z" },
    { url = "https://files.pythonhosted.org/packages/1c/11/cf0bc07feb2791045b6ac075d4bf64f1a5beedef2f46ae70d7104d63a19f/xxhash-4.0.1-cp313-cp313-musllinux_1_2_i686.whl", hash = "sha256:1749f0688020209fe0d357ce1e1cd9ec9c6161ed0405ea949d24581c4c43fa91", size = 265848, upload-time = "2026-08-17T08:35:31.298Z" },
    { url = "https://files.pythonhosted.org/packages/d4/c4/7ada4bea2a2795073dfc42d96842930efbe7a0c1857ef4b522e4e90e5d83/xxhash-4.0.1-cp313-cp313-musllinux_1_2_ppc64le.whl", hash = "sha256:94ac8a6b8c47951173f0b67bf862bcb971bf24e493b9fbbdb0e010cbbc7d9f54", size = 284409, upload-time = "2026-08-17T08:21:23.156Z" },
    { url = "https://files.pythonhosted.org/packages/3c/f4/d8ce83dd6b99ccfbdadaf2db968ae40334d2e5f73a0297e593b9ddb3df39/xxhash-4.0.1-cp313-cp313-musllinux_1_2_riscv64.whl", hash = "sha256:a33de7633c948ab2dc144af370a66e7e7af29b425dcd0f7e4f59689fb9391b53", size = 335921, upload-time = "2026-08-17T08:22:21.802Z" },
    { url = "https://files.pythonhosted.org/packages/a6/9f/f47d8724bd8bc45b395b06b7cacea2dae0d00031af1b707184a091161df6/xxhash-4.0.1-cp313-cp313-musllinux_1_2_s390x.whl", hash = "sha256:247ece770647c0aef080561fa996f9774b4dadce2d0c42eeb98229db7dcf820d", size = 487023, upload-time = "2026-08-17T08:22:19.729Z" },
    { url = "https://files.pythonhosted.org/packages/57/54/2d87098f3371cc1e42dd04d2285ad56bca4c56667bc501bff02d2b9fd6b5/xxhash-4.0.1-cp313-cp313-musllinux_1_2_x86_64.whl", hash = "sha256:a4553d36cc0b7fce1f35ba8a94dfd775aa3ed12f5eab2dc3b46ac75a0706b0bb", size = 264333, upload-time = "2026-08-17T08:35:27.001Z" },
    { url = "https://files.pythonhosted.org/packages/27/b8/93795ca5898ec7d7d0455283ad261c0fc76b4f0c0a69e86233bd7badb0bd/xxhash-4.0.1-cp313-cp313-pyemscripten_2025_0_wasm32.whl", hash = "sha256:87aa309a93bd5ec13f14309a305ff4e9bf74c5363fc46c264c0a22edfd5b0670", size = 20581, upload-time = "2026-08-17T08:21:39.207Z" },
    { url = "https://files.pythonhosted.org/packages/b6/96/926f7335a0a1647952c00421e8da877f658094f61336306c7cadc335c94d/xxhash-4.0.1-cp313-cp313-win32.whl", hash = "sha256:cba763d84b06bda2c38d5185dee76f1b9dfdc0789e96e476d9e10005526d0788", size = 34449, upload-time = "2026-08-17T08:22:29.362Z" },
    { url = "https://files.pythonhosted.org/packages/ea/61/8a5aeb811de093bab3434e77eff0e9461624a1a56a6a93d315d080aab2aa/xxhash-4.0.1-cp313-cp313-win_amd64.whl", hash = "sha256:97b94fb29abf21f5f0bde15f7dbdd3a4aa2dc59f37026adc7b4bee8563b84375", size = 36520, upload-time = "2026-08-17T08:35:34.852Z" },
    { url = "https://files.pythonhosted.org/packages/04/14/97f3c74000ca36955e9cb86f6d270dcd5848b5c65afa623453f5cf2d83d6/xxhash-4.0.1-cp313-cp313-win_arm64.whl", hash = "sha256:08ed8da18cd4fd0a6a5d6a444852d8fbd0e565388a74a4937085451b5f1a312a", size = 33428, upload-time = "2026-08-17T08:21:31.713Z" },
]
